
Microsoft Visual Studio Solution File, Format Version 12.00
# Visual Studio Version 16
VisualStudioVersion = 16.0.30428.66
MinimumVisualStudioVersion = 10.0.40219.1
Project("{FAE04EC0-301F-11D3-BF4B-00C04F79EFBC}") = "ShutDown", "ShutDown\ShutDown.csproj", "{415232FF-D035-4D42-B588-C133CE07954D}"
EndProject
Project("{2150E333-8FDC-42A3-9474-1A3956D46DE8}") = "Tests", "Tests", "{9916C5F3-7B21-4E59-9846-C43853B49062}"
EndProject
Project("{FAE04EC0-301F-11D3-BF4B-00C04F79EFBC}") = "ShutDown.Tests", "ShutDown.Tests\ShutDown.Tests.csproj", "{F50B6C39-0144-4D2B-B9CB-EC809CD73737}"
EndProject
Project("{2150E333-8FDC-42A3-9474-1A3956D46DE8}") = "Solution Items", "Solution Items", "{740855B9-B8E9-44BB-A071-39B6272037E1}"
	ProjectSection(SolutionItems) = preProject
		README.md = README.md
	EndProjectSection
EndProject
Global
	GlobalSection(SolutionConfigurationPlatforms) = preSolution
		Debug|Any CPU = Debug|Any CPU
		Debug|x86 = Debug|x86
		Release|Any CPU = Release|Any CPU
		Release|x86 = Release|x86
	EndGlobalSection
	GlobalSection(ProjectConfigurationPlatforms) = postSolution
		{415232FF-D035-4D42-B588-C133CE07954D}.Debug|Any CPU.ActiveCfg = Debug|Any CPU
		{415232FF-D035-4D42-B588-C133CE07954D}.Debug|Any CPU.Build.0 = Debug|Any CPU
		{415232FF-D035-4D42-B588-C133CE07954D}.Debug|x86.ActiveCfg = Debug|Any CPU
		{415232FF-D035-4D42-B588-C133CE07954D}.Debug|x86.Build.0 = Debug|Any CPU
		{415232FF-D035-4D42-B588-C133CE07954D}.Release|Any CPU.ActiveCfg = Release|Any CPU
		{415232FF-D035-4D42-B588-C133CE07954D}.Release|Any CPU.Build.0 = Release|Any CPU
		{415232FF-D035-4D42-B588-C133CE07954D}.Release|x86.ActiveCfg = Release|Any CPU
		{415232FF-D035-4D42-B588-C133CE07954D}.Release|x86.Build.0 = Release|Any CPU
		{F50B6C39-0144-4D2B-B9CB-EC809CD73737}.Debug|Any CPU.ActiveCfg = Debug|Any CPU
		{F50B6C39-0144-4D2B-B9CB-EC809CD73737}.Debug|Any CPU.Build.0 = Debug|Any CPU
		{F50B6C39-0144-4D2B-B9CB-EC809CD73737}.Debug|x86.ActiveCfg = Debug|Any CPU
		{F50B6C39-0144-4D2B-B9CB-EC809CD73737}.Debug|x86.Build.0 = Debug|Any CPU
		{F50B6C39-0144-4D2B-B9CB-EC809CD73737}.Release|Any CPU.ActiveCfg = Release|Any CPU
		{F50B6C39-0144-4D2B-B9CB-EC809CD73737}.Release|Any CPU.Build.0 = Release|Any CPU
		{F50B6C39-0144-4D2B-B9CB-EC809CD73737}.Release|x86.ActiveCfg = Release|Any CPU
		{F50B6C39-0144-4D2B-B9CB-EC809CD73737}.Release|x86.Build.0 = Release|Any CPU
	EndGlobalSection
	GlobalSection(SolutionProperties) = preSolution
		HideSolutionNode = FALSE
	EndGlobalSection
	GlobalSection(NestedProjects) = preSolution
		{F50B6C39-0144-4D2B-B9CB-EC809CD73737} = {9916C5F3-7B21-4E59-9846-C43853B49062}
	EndGlobalSection
	GlobalSection(ExtensibilityGlobals) = postSolution
		SolutionGuid = {4730C14A-2085-4A49-ADCB-FF38AB1689E1}
	EndGlobalSection
EndGlobal
